{
  "name": "github_iiif",
  "version": "0.0.1",
  "lockfileVersion": 1,
  "requires": true,
  "dependencies": {
    "@edsilv/http-status-codes": {
      "version": "1.0.3",
      "resolved": "https://registry.npmjs.org/@edsilv/http-status-codes/-/http-status-codes-1.0.3.tgz",
      "integrity": "sha512-HLK2FS5sZqxPqD53D6hhZxC6C8THTVwlyZDZ7J0iWsrB8JmMA69m/CQuNKZc1kki9WSVeck2fXna26NL0SE7cg=="
    },
    "@iiif/vocabulary": {
      "version": "1.0.20",
      "resolved": "https://registry.npmjs.org/@iiif/vocabulary/-/vocabulary-1.0.20.tgz",
      "integrity": "sha512-cL30/fL+7D+3tJvgGNZE6jWWGe/03ooEmwIfZEezbSE8mNzJB1pKthOrERKbeoMPdk1Qc++ySPgbgeawtYiFzA=="
    },
    "isomorphic-unfetch": {
      "version": "3.1.0",
      "resolved": "https://registry.npmjs.org/isomorphic-unfetch/-/isomorphic-unfetch-3.1.0.tgz",
      "integrity": "sha512-geDJjpoZ8N0kWexiwkX8F9NkTsXhetLPVbZFQ+JTW239QNOwvB0gniuR1Wc6f0AMTn7/mFGyXvHTifrCp/GH8Q==",
      "requires": {
        "node-fetch": "^2.6.1",
        "unfetch": "^4.2.0"
      }
    },
    "lodash": {
      "version": "4.17.21",
      "resolved": "https://registry.npmjs.org/lodash/-/lodash-4.17.21.tgz",
      "integrity": "sha512-v2kDEe57lecTulaDIuNTPy3Ry4gLGJ6Z1O3vE1krgXZNrsQ+LFTGHVxVjcXPs17LhbZVGedAJv8XZ1tvj5FvSg=="
    },
    "manifesto.js": {
      "version": "4.2.3",
      "resolved": "https://registry.npmjs.org/manifesto.js/-/manifesto.js-4.2.3.tgz",
      "integrity": "sha512-9qWOwcvDBlSSTPeQ8yTXIVavEVl5h+qgcck1z0EbfC4KRpsnU1Ol969UfbQvBD152+/Y7RNq8nVFc0v8IXEs3A==",
      "requires": {
        "@edsilv/http-status-codes": "^1.0.3",
        "@iiif/vocabulary": "^1.0.20",
        "isomorphic-unfetch": "^3.0.0",
        "lodash": "^4.17.21"
      }
    },
    "node-fetch": {
      "version": "2.6.1",
      "resolved": "https://registry.npmjs.org/node-fetch/-/node-fetch-2.6.1.tgz",
      "integrity": "sha512-V4aYg89jEoVRxRb2fJdAg8FHvI7cEyYdVAh94HH0UIK8oJxUfkjlDQN9RbMx+bEjP7+ggMiFRprSti032Oipxw=="
    },
    "unfetch": {
      "version": "4.2.0",
      "resolved": "https://registry.npmjs.org/unfetch/-/unfetch-4.2.0.tgz",
      "integrity": "sha512-F9p7yYCn6cIW9El1zi0HI6vqpeIvBsr3dSuRO6Xuppb1u5rXpCPmMvLSyECLhybr9isec8Ohl0hPekMVrEinDA=="
    }
  }
}
